
Microsoft Visual Studio Solution File, Format Version 12.00
# Visual Studio Version 16
VisualStudioVersion = 16.0.30114.105
MinimumVisualStudioVersion = 10.0.40219.1
Project("{FAE04EC0-301F-11D3-BF4B-00C04F79EFBC}") = "HueCLI.Logic", "HueCLI.Logic\HueCLI.Logic.csproj", "{2C6E47F3-AA46-4687-AF34-FCE89A164914}"
EndProject
Project("{FAE04EC0-301F-11D3-BF4B-00C04F79EFBC}") = "HueCLI.App", "HueCLI.App\HueCLI.App.csproj", "{C66F1221-7344-47D4-9602-15E26EA38DA5}"
EndProject
Project("{FAE04EC0-301F-11D3-BF4B-00C04F79EFBC}") = "HueCLI.Tests", "HueCLI.Tests\HueCLI.Tests.csproj", "{35BEE575-F763-4F6A-AF42-C9EFEC7F431A}"
EndProject
Global
	GlobalSection(SolutionConfigurationPlatforms) = preSolution
		Debug|Any CPU = Debug|Any CPU
		Debug|x64 = Debug|x64
		Debug|x86 = Debug|x86
		Release|Any CPU = Release|Any CPU
		Release|x64 = Release|x64
		Release|x86 = Release|x86
	EndGlobalSection
	GlobalSection(SolutionProperties) = preSolution
		HideSolutionNode = FALSE
	EndGlobalSection
	GlobalSection(ProjectConfigurationPlatforms) = postSolution
		{2C6E47F3-AA46-4687-AF34-FCE89A164914}.Debug|Any CPU.ActiveCfg = Debug|Any CPU
		{2C6E47F3-AA46-4687-AF34-FCE89A164914}.Debug|Any CPU.Build.0 = Debug|Any CPU
		{2C6E47F3-AA46-4687-AF34-FCE89A164914}.Debug|x64.ActiveCfg = Debug|Any CPU
		{2C6E47F3-AA46-4687-AF34-FCE89A164914}.Debug|x64.Build.0 = Debug|Any CPU
		{2C6E47F3-AA46-4687-AF34-FCE89A164914}.Debug|x86.ActiveCfg = Debug|Any CPU
		{2C6E47F3-AA46-4687-AF34-FCE89A164914}.Debug|x86.Build.0 = Debug|Any CPU
		{2C6E47F3-AA46-4687-AF34-FCE89A164914}.Release|Any CPU.ActiveCfg = Release|Any CPU
		{2C6E47F3-AA46-4687-AF34-FCE89A164914}.Release|Any CPU.Build.0 = Release|Any CPU
		{2C6E47F3-AA46-4687-AF34-FCE89A164914}.Release|x64.ActiveCfg = Release|Any CPU
		{2C6E47F3-AA46-4687-AF34-FCE89A164914}.Release|x64.Build.0 = Release|Any CPU
		{2C6E47F3-AA46-4687-AF34-FCE89A164914}.Release|x86.ActiveCfg = Release|Any CPU
		{2C6E47F3-AA46-4687-AF34-FCE89A164914}.Release|x86.Build.0 = Release|Any CPU
		{C66F1221-7344-47D4-9602-15E26EA38DA5}.Debug|Any CPU.ActiveCfg = Debug|Any CPU
		{C66F1221-7344-47D4-9602-15E26EA38DA5}.Debug|Any CPU.Build.0 = Debug|Any CPU
		{C66F1221-7344-47D4-9602-15E26EA38DA5}.Debug|x64.ActiveCfg = Debug|Any CPU
		{C66F1221-7344-47D4-9602-15E26EA38DA5}.Debug|x64.Build.0 = Debug|Any CPU
		{C66F1221-7344-47D4-9602-15E26EA38DA5}.Debug|x86.ActiveCfg = Debug|Any CPU
		{C66F1221-7344-47D4-9602-15E26EA38DA5}.Debug|x86.Build.0 = Debug|Any CPU
		{C66F1221-7344-47D4-9602-15E26EA38DA5}.Release|Any CPU.ActiveCfg = Release|Any CPU
		{C66F1221-7344-47D4-9602-15E26EA38DA5}.Release|Any CPU.Build.0 = Release|Any CPU
		{C66F1221-7344-47D4-9602-15E26EA38DA5}.Release|x64.ActiveCfg = Release|Any CPU
		{C66F1221-7344-47D4-9602-15E26EA38DA5}.Release|x64.Build.0 = Release|Any CPU
		{C66F1221-7344-47D4-9602-15E26EA38DA5}.Release|x86.ActiveCfg = Release|Any CPU
		{C66F1221-7344-47D4-9602-15E26EA38DA5}.Release|x86.Build.0 = Release|Any CPU
		{35BEE575-F763-4F6A-AF42-C9EFEC7F431A}.Debug|Any CPU.ActiveCfg = Debug|Any CPU
		{35BEE575-F763-4F6A-AF42-C9EFEC7F431A}.Debug|Any CPU.Build.0 = Debug|Any CPU
		{35BEE575-F763-4F6A-AF42-C9EFEC7F431A}.Debug|x64.ActiveCfg = Debug|Any CPU
		{35BEE575-F763-4F6A-AF42-C9EFEC7F431A}.Debug|x64.Build.0 = Debug|Any CPU
		{35BEE575-F763-4F6A-AF42-C9EFEC7F431A}.Debug|x86.ActiveCfg = Debug|Any CPU
		{35BEE575-F763-4F6A-AF42-C9EFEC7F431A}.Debug|x86.Build.0 = Debug|Any CPU
		{35BEE575-F763-4F6A-AF42-C9EFEC7F431A}.Release|Any CPU.ActiveCfg = Release|Any CPU
		{35BEE575-F763-4F6A-AF42-C9EFEC7F431A}.Release|Any CPU.Build.0 = Release|Any CPU
		{35BEE575-F763-4F6A-AF42-C9EFEC7F431A}.Release|x64.ActiveCfg = Release|Any CPU
		{35BEE575-F763-4F6A-AF42-C9EFEC7F431A}.Release|x64.Build.0 = Release|Any CPU
		{35BEE575-F763-4F6A-AF42-C9EFEC7F431A}.Release|x86.ActiveCfg = Release|Any CPU
		{35BEE575-F763-4F6A-AF42-C9EFEC7F431A}.Release|x86.Build.0 = Release|Any CPU
	EndGlobalSection
EndGlobal
